// !$*UTF8*$!
{
	archiveVersion = 1;
	classes = {
	};
	objectVersion = 50;
	objects = {

/* Begin PBXBuildFile section */
		A539EA9C24788549008EE740 /* layer1.mp3 in Resources */ = {isa = PBXBuildFile; fileRef = A539EA9B24788549008EE740 /* layer1.mp3 */; };
		A53ED1012468F90C004EFF02 /* AppDelegate.swift in Sources */ = {isa = PBXBuildFile; fileRef = A53ED1002468F90C004EFF02 /* AppDelegate.swift */; };
		A53ED1032468F90C004EFF02 /* SceneDelegate.swift in Sources */ = {isa = PBXBuildFile; fileRef = A53ED1022468F90C004EFF02 /* SceneDelegate.swift */; };
		A53ED1052468F90C004EFF02 /* ContentView.swift in Sources */ = {isa = PBXBuildFile; fileRef = A53ED1042468F90C004EFF02 /* ContentView.swift */; };
		A53ED1072468F90D004EFF02 /* Assets.xcassets in Resources */ = {isa = PBXBuildFile; fileRef = A53ED1062468F90D004EFF02 /* Assets.xcassets */; };
		A53ED10A2468F90D004EFF02 /* Preview Assets.xcassets in Resources */ = {isa = PBXBuildFile; fileRef = A53ED1092468F90D004EFF02 /* Preview Assets.xcassets */; };
		A53ED10D2468F90D004EFF02 /* LaunchScreen.storyboard in Resources */ = {isa = PBXBuildFile; fileRef = A53ED10B2468F90D004EFF02 /* LaunchScreen.storyboard */; };
/* End PBXBuildFile section */

/* Begin PBXFileReference section */
		A539EA9B24788549008EE740 /* layer1.mp3 */ = {isa = PBXFileReference; lastKnownFileType = audio.mp3; path = layer1.mp3; sourceTree = "<group>"; };
		A53ED0FD2468F90C004EFF02 /* CodeWithFriendsMeditationApp.app */ = {isa = PBXFileReference; explicitFileType = wrapper.application; includeInIndex = 0; path = CodeWithFriendsMeditationApp.app; sourceTree = BUILT_PRODUCTS_DIR; };
		A53ED1002468F90C004EFF02 /* AppDelegate.swift */ = {isa = PBXFileReference; lastKnownFileType = sourcecode.swift; path = AppDelegate.swift; sourceTree = "<group>"; };
		A53ED1022468F90C004EFF02 /* SceneDelegate.swift */ = {isa = PBXFileReference; lastKnownFileType = sourcecode.swift; path = SceneDelegate.swift; sourceTree = "<group>"; };
		A53ED1042468F90C004EFF02 /* ContentView.swift */ = {isa = PBXFileReference; lastKnownFileType = sourcecode.swift; path = ContentView.swift; sourceTree = "<group>"; };
		A53ED1062468F90D004EFF02 /* Assets.xcassets */ = {isa = PBXFileReference; lastKnownFileType = folder.assetcatalog; path = Assets.xcassets; sourceTree = "<group>"; };
		A53ED1092468F90D004EFF02 /* Preview Assets.xcassets */ = {isa = PBXFileReference; lastKnownFileType = folder.assetcatalog; path = "Preview Assets.xcassets"; sourceTree = "<group>"; };
		A53ED10C2468F90D004EFF02 /* Base */ = {isa = PBXFileReference; lastKnownFileType = file.storyboard; name = Base; path = Base.lproj/LaunchScreen.storyboard; sourceTree = "<group>"; };
		A53ED10E2468F90D004EFF02 /* Info.plist */ = {isa = PBXFileReference; lastKnownFileType = text.plist.xml; path = Info.plist; sourceTree = "<group>"; };
/* End PBXFileReference section */

/* Begin PBXFrameworksBuildPhase section */
		A53ED0FA2468F90C004EFF02 /* Frameworks */ = {
			isa = PBXFrameworksBuildPhase;
			buildActionMask = 2147483647;
			files = (
			);
			runOnlyForDeploymentPostprocessing = 0;
		};
/* End PBXFrameworksBuildPhase section */

/* Begin PBXGroup section */
		A53ED0F42468F90C004EFF02 = {
			isa = PBXGroup;
			children = (
				A53ED0FF2468F90C004EFF02 /* CodeWithFriendsMeditationApp */,
				A53ED0FE2468F90C004EFF02 /* Products */,
			);
			sourceTree = "<group>";
		};
		A53ED0FE2468F90C004EFF02 /* Products */ = {
			isa = PBXGroup;
			children = (
				A53ED0FD2468F90C004EFF02 /* CodeWithFriendsMeditationApp.app */,
			);
			name = Products;
			sourceTree = "<group>";
		};
		A53ED0FF2468F90C004EFF02 /* CodeWithFriendsMeditationApp */ = {
			isa = PBXGroup;
			children = (
				A53ED1002468F90C004EFF02 /* AppDelegate.swift */,
				A53ED1022468F90C004EFF02 /* SceneDelegate.swift */,
				A53ED1042468F90C004EFF02 /* ContentView.swift */,
				A53ED1062468F90D004EFF02 /* Assets.xcassets */,
				A53ED10B2468F90D004EFF02 /* LaunchScreen.storyboard */,
				A53ED10E2468F90D004EFF02 /* Info.plist */,
				A539EA9B24788549008EE740 /* layer1.mp3 */,
				A53ED1082468F90D004EFF02 /* Preview Content */,
			);
			path = CodeWithFriendsMeditationApp;
			sourceTree = "<group>";
		};
		A53ED1082468F90D004EFF02 /* Preview Content */ = {
			isa = PBXGroup;
			children = (
				A53ED1092468F90D004EFF02 /* Preview Assets.xcassets */,
			);
			path = "Preview Content";
			sourceTree = "<group>";
		};
/* End PBXGroup section */

/* Begin PBXNativeTarget section */
		A53ED0FC2468F90C004EFF02 /* CodeWithFriendsMeditationApp */ = {
			isa = PBXNativeTarget;
			buildConfigurationList = A53ED1112468F90D004EFF02 /* Build configuration list for PBXNativeTarget "CodeWithFriendsMeditationApp" */;
			buildPhases = (
				A53ED0F92468F90C004EFF02 /* Sources */,
				A53ED0FA2468F90C004EFF02 /* Frameworks */,
				A53ED0FB2468F90C004EFF02 /* Resources */,
			);
			buildRules = (
			);
			dependencies = (
			);
			name = CodeWithFriendsMeditationApp;
			productName = CodeWithFriendsMeditationApp;
			productReference = A53ED0FD2468F90C004EFF02 /* CodeWithFriendsMeditationApp.app */;
			productType = "com.apple.product-type.application";
		};
/* End PBXNativeTarget section */

/* Begin PBXProject section */
		A53ED0F52468F90C004EFF02 /* Project object */ = {
			isa = PBXProject;
			attributes = {
				LastSwiftUpdateCheck = 1130;
				LastUpgradeCheck = 1130;
				ORGANIZATIONNAME = "Jacob Pernell";
				TargetAttributes = {
					A53ED0FC2468F90C004EFF02 = {
						CreatedOnToolsVersion = 11.3.1;
					};
				};
			};
			buildConfigurationList = A53ED0F82468F90C004EFF02 /* Build configuration list for PBXProject "CodeWithFriendsMeditationApp" */;
			compatibilityVersion = "Xcode 9.3";
			developmentRegion = en;
			hasScannedForEncodings = 0;
			knownRegions = (
				en,
				Base,
			);
			mainGroup = A53ED0F42468F90C004EFF02;
			productRefGroup = A53ED0FE2468F90C004EFF02 /* Products */;
			projectDirPath = "";
			projectRoot = "";
			targets = (
				A53ED0FC2468F90C004EFF02 /* CodeWithFriendsMeditationApp */,
			);
		};
/* End PBXProject section */

/* Begin PBXResourcesBuildPhase section */
		A53ED0FB2468F90C004EFF02 /* Resources */ = {
			isa = PBXResourcesBuildPhase;
			buildActionMask = 2147483647;
			files = (
				A539EA9C24788549008EE740 /* layer1.mp3 in Resources */,
				A53ED10D2468F90D004EFF02 /* LaunchScreen.storyboard in Resources */,
				A53ED10A2468F90D004EFF02 /* Preview Assets.xcassets in Resources */,
				A53ED1072468F90D004EFF02 /* Assets.xcassets in Resources */,
			);
			runOnlyForDeploymentPostprocessing = 0;
		};
/* End PBXResourcesBuildPhase section */

/* Begin PBXSourcesBuildPhase section */
		A53ED0F92468F90C004EFF02 /* Sources */ = {
			isa = PBXSourcesBuildPhase;
			buildActionMask = 2147483647;
			files = (
				A53ED1012468F90C004EFF02 /* AppDelegate.swift in Sources */,
				A53ED1032468F90C004EFF02 /* SceneDelegate.swift in Sources */,
				A53ED1052468F90C004EFF02 /* ContentView.swift in Sources */,
			);
			runOnlyForDeploymentPostprocessing = 0;
		};
/* End PBXSourcesBuildPhase section */

/* Begin PBXVariantGroup section */
		A53ED10B2468F90D004EFF02 /* LaunchScreen.storyboard */ = {
			isa = PBXVariantGroup;
			children = (
				A53ED10C2468F90D004EFF02 /* Base */,
			);
			name = LaunchScreen.storyboard;
			sourceTree = "<group>";
		};
/* End PBXVariantGroup section */

/* Begin XCBuildConfiguration section */
		A53ED10F2468F90D004EFF02 /* Debug */ = {
			isa = XCBuildConfiguration;
			buildSettings = {
				ALWAYS_SEARCH_USER_PATHS = NO;
				CLANG_ANALYZER_NONNULL = YES;
				CLANG_ANALYZER_NUMBER_OBJECT_CONVERSION = YES_AGGRESSIVE;
				CLANG_CXX_LANGUAGE_STANDARD = "gnu++14";
				CLANG_CXX_LIBRARY = "libc++";
				CLANG_ENABLE_MODULES = YES;
				CLANG_ENABLE_OBJC_ARC = YES;
				CLANG_ENABLE_OBJC_WEAK = YES;
				CLANG_WARN_BLOCK_CAPTURE_AUTORELEASING = YES;
				CLANG_WARN_BOOL_CONVERSION = YES;
				CLANG_WARN_COMMA = YES;
				CLANG_WARN_CONSTANT_CONVERSION = YES;
				CLANG_WARN_DEPRECATED_OBJC_IMPLEMENTATIONS = YES;
				CLANG_WARN_DIRECT_OBJC_ISA_USAGE = YES_ERROR;
				CLANG_WARN_DOCUMENTATION_COMMENTS = YES;
				CLANG_WARN_EMPTY_BODY = YES;
				CLANG_WARN_ENUM_CONVERSION = YES;
				CLANG_WARN_INFINITE_RECURSION = YES;
				CLANG_WARN_INT_CONVERSION = YES;
				CLANG_WARN_NON_LITERAL_NULL_CONVERSION = YES;
				CLANG_WARN_OBJC_IMPLICIT_RETAIN_SELF = YES;
				CLANG_WARN_OBJC_LITERAL_CONVERSION = YES;
				CLANG_WARN_OBJC_ROOT_CLASS = YES_ERROR;
				CLANG_WARN_RANGE_LOOP_ANALYSIS = YES;
				CLANG_WARN_STRICT_PROTOTYPES = YES;
				CLANG_WARN_SUSPICIOUS_MOVE = YES;
				CLANG_WARN_UNGUARDED_AVAILABILITY = YES_AGGRESSIVE;
				CLANG_WARN_UNREACHABLE_CODE = YES;
				CLANG_WARN__DUPLICATE_METHOD_MATCH = YES;
				COPY_PHASE_STRIP = NO;
				DEBUG_INFORMATION_FORMAT = dwarf;
				ENABLE_STRICT_OBJC_MSGSEND = YES;
				ENABLE_TESTABILITY = YES;
				GCC_C_LANGUAGE_STANDARD = gnu11;
				GCC_DYNAMIC_NO_PIC = NO;
				GCC_NO_COMMON_BLOCKS = YES;
				GCC_OPTIMIZATION_LEVEL = 0;
				GCC_PREPROCESSOR_DEFINITIONS = (
					"DEBUG=1",
					"$(inherited)",
				);
				GCC_WARN_64_TO_32_BIT_CONVERSION = YES;
				GCC_WARN_ABOUT_RETURN_TYPE = YES_ERROR;
				GCC_WARN_UNDECLARED_SELECTOR = YES;
				GCC_WARN_UNINITIALIZED_AUTOS = YES_AGGRESSIVE;
				GCC_WARN_UNUSED_FUNCTION = YES;
				GCC_WARN_UNUSED_VARIABLE = YES;
				IPHONEOS_DEPLOYMENT_TARGET = 13.2;
				MTL_ENABLE_DEBUG_INFO = INCLUDE_SOURCE;
				MTL_FAST_MATH = YES;
				ONLY_ACTIVE_ARCH = YES;
				SDKROOT = iphoneos;
				SWIFT_ACTIVE_COMPILATION_CONDITIONS = DEBUG;
				SWIFT_OPTIMIZATION_LEVEL = "-Onone";
			};
			name = Debug;
		};
		A53ED1102468F90D004EFF02 /* Release */ = {
			isa = XCBuildConfiguration;
			buildSettings = {
				ALWAYS_SEARCH_USER_PATHS = NO;
				CLANG_ANALYZER_NONNULL = YES;
				CLANG_ANALYZER_NUMBER_OBJECT_CONVERSION = YES_AGGRESSIVE;
				CLANG_CXX_LANGUAGE_STANDARD = "gnu++14";
				CLANG_CXX_LIBRARY = "libc++";
				CLANG_ENABLE_MODULES = YES;
				CLANG_ENABLE_OBJC_ARC = YES;
				CLANG_ENABLE_OBJC_WEAK = YES;
				CLANG_WARN_BLOCK_CAPTURE_AUTORELEASING = YES;
				CLANG_WARN_BOOL_CONVERSION = YES;
				CLANG_WARN_COMMA = YES;
				CLANG_WARN_CONSTANT_CONVERSION = YES;
				CLANG_WARN_DEPRECATED_OBJC_IMPLEMENTATIONS = YES;
				CLANG_WARN_DIRECT_OBJC_ISA_USAGE = YES_ERROR;
				CLANG_WARN_DOCUMENTATION_COMMENTS = YES;
				CLANG_WARN_EMPTY_BODY = YES;
				CLANG_WARN_ENUM_CONVERSION = YES;
				CLANG_WARN_INFINITE_RECURSION = YES;
				CLANG_WARN_INT_CONVERSION = YES;
				CLANG_WARN_NON_LITERAL_NULL_CONVERSION = YES;
				CLANG_WARN_OBJC_IMPLICIT_RETAIN_SELF = YES;
				CLANG_WARN_OBJC_LITERAL_CONVERSION = YES;
				CLANG_WARN_OBJC_ROOT_CLASS = YES_ERROR;
				CLANG_WARN_RANGE_LOOP_ANALYSIS = YES;
				CLANG_WARN_STRICT_PROTOTYPES = YES;
				CLANG_WARN_SUSPICIOUS_MOVE = YES;
				CLANG_WARN_UNGUARDED_AVAILABILITY = YES_AGGRESSIVE;
				CLANG_WARN_UNREACHABLE_CODE = YES;
				CLANG_WARN__DUPLICATE_METHOD_MATCH = YES;
				COPY_PHASE_STRIP = NO;
				DEBUG_INFORMATION_FORMAT = "dwarf-with-dsym";
				ENABLE_NS_ASSERTIONS = NO;
				ENABLE_STRICT_OBJC_MSGSEND = YES;
				GCC_C_LANGUAGE_STANDARD = gnu11;
				GCC_NO_COMMON_BLOCKS = YES;
				GCC_WARN_64_TO_32_BIT_CONVERSION = YES;
				GCC_WARN_ABOUT_RETURN_TYPE = YES_ERROR;
				GCC_WARN_UNDECLARED_SELECTOR = YES;
				GCC_WARN_UNINITIALIZED_AUTOS = YES_AGGRESSIVE;
				GCC_WARN_UNUSED_FUNCTION = YES;
				GCC_WARN_UNUSED_VARIABLE = YES;
				IPHONEOS_DEPLOYMENT_TARGET = 13.2;
				MTL_ENABLE_DEBUG_INFO = NO;
				MTL_FAST_MATH = YES;
				SDKROOT = iphoneos;
				SWIFT_COMPILATION_MODE = wholemodule;
				SWIFT_OPTIMIZATION_LEVEL = "-O";
				VALIDATE_PRODUCT = YES;
			};
			name = Release;
		};
		A53ED1122468F90D004EFF02 /* Debug */ = {
			isa = XCBuildConfiguration;
			buildSettings = {
				ASSETCATALOG_COMPILER_APPICON_NAME = AppIcon;
				CODE_SIGN_STYLE = Automatic;
				DEVELOPMENT_ASSET_PATHS = "\"CodeWithFriendsMeditationApp/Preview Content\"";
				DEVELOPMENT_TEAM = 889DPPF4QB;
				ENABLE_PREVIEWS = YES;
				INFOPLIST_FILE = CodeWithFriendsMeditationApp/Info.plist;
				LD_RUNPATH_SEARCH_PATHS = (
					"$(inherited)",
					"@executable_path/Frameworks",
				);
				PRODUCT_BUNDLE_IDENTIFIER = com.jacobpernell.CodeWithFriendsMeditationApp;
				PRODUCT_NAME = "$(TARGET_NAME)";
				SWIFT_VERSION = 5.0;
				TARGETED_DEVICE_FAMILY = "1,2";
			};
			name = Debug;
		};
		A53ED1132468F90D004EFF02 /* Release */ = {
			isa = XCBuildConfiguration;
			buildSettings = {
				ASSETCATALOG_COMPILER_APPICON_NAME = AppIcon;
				CODE_SIGN_STYLE = Automatic;
				DEVELOPMENT_ASSET_PATHS = "\"CodeWithFriendsMeditationApp/Preview Content\"";
				DEVELOPMENT_TEAM = 889DPPF4QB;
				ENABLE_PREVIEWS = YES;
				INFOPLIST_FILE = CodeWithFriendsMeditationApp/Info.plist;
				LD_RUNPATH_SEARCH_PATHS = (
					"$(inherited)",
					"@executable_path/Frameworks",
				);
				PRODUCT_BUNDLE_IDENTIFIER = com.jacobpernell.CodeWithFriendsMeditationApp;
				PRODUCT_NAME = "$(TARGET_NAME)";
				SWIFT_VERSION = 5.0;
				TARGETED_DEVICE_FAMILY = "1,2";
			};
			name = Release;
		};
/* End XCBuildConfiguration section */

/* Begin XCConfigurationList section */
		A53ED0F82468F90C004EFF02 /* Build configuration list for PBXProject "CodeWithFriendsMeditationApp" */ = {
			isa = XCConfigurationList;
			buildConfigurations = (
				A53ED10F2468F90D004EFF02 /* Debug */,
				A53ED1102468F90D004EFF02 /* Release */,
			);
			defaultConfigurationIsVisible = 0;
			defaultConfigurationName = Release;
		};
		A53ED1112468F90D004EFF02 /* Build configuration list for PBXNativeTarget "CodeWithFriendsMeditationApp" */ = {
			isa = XCConfigurationList;
			buildConfigurations = (
				A53ED1122468F90D004EFF02 /* Debug */,
				A53ED1132468F90D004EFF02 /* Release */,
			);
			defaultConfigurationIsVisible = 0;
			defaultConfigurationName = Release;
		};
/* End XCConfigurationList section */
	};
	rootObject = A53ED0F52468F90C004EFF02 /* Project object */;
}
